
Microsoft Visual Studio Solution File, Format Version 12.00
# Visual Studio 14
VisualStudioVersion = 14.0.23107.0
MinimumVisualStudioVersion = 10.0.40219.1
Project("{FAE04EC0-301F-11D3-BF4B-00C04F79EFBC}") = "CS2015_RS232_ESC_Command", "CS2015_RS232_ESC_Command\CS2015_RS232_ESC_Command.csproj", "{8005E120-E092-4D7D-8AB7-74F9A86D238A}"
EndProject
Global
	GlobalSection(SolutionConfigurationPlatforms) = preSolution
		Debug|Any CPU = Debug|Any CPU
		Release|Any CPU = Release|Any CPU
	EndGlobalSection
	GlobalSection(ProjectConfigurationPlatforms) = postSolution
		{8005E120-E092-4D7D-8AB7-74F9A86D238A}.Debug|Any CPU.ActiveCfg = Debug|Any CPU
		{8005E120-E092-4D7D-8AB7-74F9A86D238A}.Debug|Any CPU.Build.0 = Debug|Any CPU
		{8005E120-E092-4D7D-8AB7-74F9A86D238A}.Release|Any CPU.ActiveCfg = Release|Any CPU
		{8005E120-E092-4D7D-8AB7-74F9A86D238A}.Release|Any CPU.Build.0 = Release|Any CPU
	EndGlobalSection
	GlobalSection(SolutionProperties) = preSolution
		HideSolutionNode = FALSE
	EndGlobalSection
EndGlobal
